version = 1
revision = 2
requires-python = ">=3.12.0, <3.13"

[[package]]
name = "docopt-ng"
version = "0.9.0"
source = { registry = "https://pypi.org/simple" }
sdist = { url = "https://files.pythonhosted.org/packages/e4/50/8d6806cf13138127692ae6ff79ddeb4e25eb3b0bcc3c1bd033e7e04531a9/docopt_ng-0.9.0.tar.gz", hash = "sha256:91c6da10b5bb6f2e9e25345829fb8278c78af019f6fc40887ad49b060483b1d7", size = 32264, upload-time = "2023-05-30T20:46:25.064Z" }
wheels = [
    { url = "https://files.pythonhosted.org/packages/6c/4a/c3b77fc1a24510b08918b43a473410c0168f6e657118807015f1f1edceea/docopt_ng-0.9.0-py3-none-any.whl", hash = "sha256:bfe4c8b03f9fca424c24ee0b4ffa84bf7391cb18c29ce0f6a8227a3b01b81ff9", size = 16689, upload-time = "2023-05-30T20:46:45.294Z" },
]

[[package]]
name = "duckdb"
version = "1.3.0"
source = { registry = "https://pypi.org/simple" }
sdist = { url = "https://files.pythonhosted.org/packages/3e/82/680b108da1870e48d98464ddcf03820f983421b5bbd8dd8beff98d583db7/duckdb-1.3.0.tar.gz", hash = "sha256:09aaa4b1dca24f4d1f231e7ae66b6413e317b7e04e2753541d42df6c8113fac7", size = 11617648, upload-time = "2025-05-21T16:06:49.93Z" }
wheels = [
    { url = "https://files.pythonhosted.org/packages/e4/b8/0931871f55a10aacd1af024c8d1e5de68337032379438aba05e26e9a1132/duckdb-1.3.0-cp312-cp312-macosx_12_0_arm64.whl", hash = "sha256:f24038fe9b83dcbaeafb1ed76ec3b3f38943c1c8d27ab464ad384db8a6658b61", size = 15516284, upload-time = "2025-05-21T16:05:51.596Z" },
    { url = "https://files.pythonhosted.org/packages/af/d5/a08f76900391ff248b18fc1d5742db4b7bcf910c4be00314ce7b3069223f/duckdb-1.3.0-cp312-cp312-macosx_12_0_universal2.whl", hash = "sha256:956c85842841bef68f4a5388c6b225b933151a7c06d568390fc895fc44607913", size = 32490915, upload-time = "2025-05-21T16:05:54.731Z" },
    { url = "https://files.pythonhosted.org/packages/05/f1/9dfa45484422bd6c598e76fb2d005de48373aea66b037471b4568c1e938a/duckdb-1.3.0-cp312-cp312-macosx_12_0_x86_64.whl", hash = "sha256:efe883d822ed56fcfbb6a7b397c13f6a0d2eaeb3bc4ef4510f84fadb3dfe416d", size = 17086690, upload-time = "2025-05-21T16:05:57.51Z" },
    { url = "https://files.pythonhosted.org/packages/8e/4e/093944cbca2e4b3fe5da99c46df9f4ae293c6768f15f14a959aaa2064a50/duckdb-1.3.0-cp312-cp312-manylinux_2_27_aarch64.manylinux_2_28_aarch64.whl", hash = "sha256:3872a3a1b80ffba5264ea236a3754d0c41d3c7b01bdf8cdcb1c180fc1b8dc8e2", size = 19140518, upload-time = "2025-05-21T16:06:00.521Z" },
    { url = "https://files.pythonhosted.org/packages/b0/9e/b1a7c086db03f3cc85c513e70034bd515e68e25013875e5f0b40c4bf5d0a/duckdb-1.3.0-cp312-cp312-manylinux_2_27_x86_64.manylinux_2_28_x86_64.whl", hash = "sha256:30bf45ad78a5a997f378863e036e917b481d18d685e5c977cd0a3faf2e31fbaf", size = 21103893, upload-time = "2025-05-21T16:06:03.643Z" },
    { url = "https://files.pythonhosted.org/packages/5e/b4/5baef852efec9480dcfb44bed5adc56f6fcee09919037cf54fbbe87ac427/duckdb-1.3.0-cp312-cp312-musllinux_1_2_x86_64.whl", hash = "sha256:85cbd8e1d65df8a0780023baf5045d3033fabd154799bc9ea6d9ab5728f41eb3", size = 22753505, upload-time = "2025-05-21T16:06:06.773Z" },
    { url = "https://files.pythonhosted.org/packages/36/4f/f7ab120ecd827fdff59f14e1de9771335aa7656a29c3259fa7949de1f276/duckdb-1.3.0-cp312-cp312-win_amd64.whl", hash = "sha256:8754c40dac0f26d9fb0363bbb5df02f7a61ce6a6728d5efc02c3bc925d7c89c3", size = 11424449, upload-time = "2025-05-21T16:06:09.43Z" },
]

[[package]]
name = "humanize"
version = "4.12.3"
source = { registry = "https://pypi.org/simple" }
sdist = { url = "https://files.pythonhosted.org/packages/22/d1/bbc4d251187a43f69844f7fd8941426549bbe4723e8ff0a7441796b0789f/humanize-4.12.3.tar.gz", hash = "sha256:8430be3a615106fdfceb0b2c1b41c4c98c6b0fc5cc59663a5539b111dd325fb0", size = 80514, upload-time = "2025-04-30T11:51:07.98Z" }
wheels = [
    { url = "https://files.pythonhosted.org/packages/a0/1e/62a2ec3104394a2975a2629eec89276ede9dbe717092f6966fcf963e1bf0/humanize-4.12.3-py3-none-any.whl", hash = "sha256:2cbf6370af06568fa6d2da77c86edb7886f3160ecd19ee1ffef07979efc597f6", size = 128487, upload-time = "2025-04-30T11:51:06.468Z" },
]

[[package]]
name = "isal"
version = "1.7.2"
source = { registry = "https://pypi.org/simple" }
sdist = { url = "https://files.pythonhosted.org/packages/d2/20/616a1c63c73a21d9f6405e23162a1363c45bfaab9b0377bf2c2416cfdc27/isal-1.7.2.tar.gz", hash = "sha256:c6a4f6652590ca238a864648f9933b366fa5ae664df56c5e5862ff29dd0c69db", size = 785694, upload-time = "2025-03-05T12:11:56.839Z" }
wheels = [
    { url = "https://files.pythonhosted.org/packages/63/63/d1b900ed9ff8a5170ef0c7afa9b1bc985cfa4fe52cf69c71835684faaa61/isal-1.7.2-cp312-cp312-macosx_10_13_x86_64.whl", hash = "sha256:e5d51dafe103417183d56a921f8c204800b68221ea54cf300e555c61a644d0d1", size = 240367, upload-time = "2025-03-05T12:11:25.133Z" },
    { url = "https://files.pythonhosted.org/packages/e4/75/5ce418d10ccd433d7ce9b39f49c3d83f4864835593d46ab34bd50ec7a724/isal-1.7.2-cp312-cp312-macosx_11_0_arm64.whl", hash = "sha256:2b1574aa9607d6f3f663b5221f062b5c12f0938a5f594cf7ab2f253cd84636fb", size = 193172, upload-time = "2025-03-05T12:08:50.085Z" },
    { url = "https://files.pythonhosted.org/packages/21/cc/f19b8a2287190abd6d2c8fd0c7ed3e1861e355d47a350524897ca529858b/isal-1.7.2-cp312-cp312-manylinux_2_17_aarch64.manylinux2014_aarch64.whl", hash = "sha256:118c24a3be0427f51dc332d2600a557ab0ab9156798d7572ec3260bd5cdd893a", size = 234088, upload-time = "2025-03-05T12:43:58.565Z" },
    { url = "https://files.pythonhosted.org/packages/c9/dd/0f154d7a88d106b12bafa576e0d442952da9b25f8a81c46a4af1282d43d7/isal-1.7.2-cp312-cp312-manylinux_2_17_x86_64.manylinux2014_x86_64.whl", hash = "sha256:e4c126cbe046bc7a4a10692ed306e9533e4b1c6672443eee21a20482a730c341", size = 261852, upload-time = "2025-03-05T12:11:38.97Z" },
    { url = "https://files.pythonhosted.org/packages/a7/fa/34cee56476291d7c656763d81e99a6d806438b4d17258a88d4187d225e97/isal-1.7.2-cp312-cp312-musllinux_1_2_aarch64.whl", hash = "sha256:d9597c8c21ba182fda004b6c067de776b2fb31eac2f60b62bc5e0f8dd71a9f0a", size = 236512, upload-time = "2025-03-05T12:44:00.324Z" },
    { url = "https://files.pythonhosted.org/packages/88/bd/e805376fb476d00ac1fcf2a096baab26a659291e29a730c368dc27d6583b/isal-1.7.2-cp312-cp312-musllinux_1_2_x86_64.whl", hash = "sha256:b6dbb7accc8526cd164eacffec3c117d2a9ff4b03655838346378bf55552c691", size = 268437, upload-time = "2025-03-05T12:11:41.861Z" },
    { url = "https://files.pythonhosted.org/packages/d9/a0/9f62d23627ae94a12982d7d777f57bd1dc2c5f3f2480bcc8839d0b2ca9f7/isal-1.7.2-cp312-cp312-win_amd64.whl", hash = "sha256:28540bcb829e4fb7b29fc6842dc48f6d1b7a80704199f642653cddb4a4d9e23e", size = 202712, upload-time = "2025-03-05T12:18:28.514Z" },
]

[[package]]
name = "numpy"
version = "2.2.6"
source = { registry = "https://pypi.org/simple" }
sdist = { url = "https://files.pythonhosted.org/packages/76/21/7d2a95e4bba9dc13d043ee156a356c0a8f0c6309dff6b21b4d71a073b8a8/numpy-2.2.6.tar.gz", hash = "sha256:e29554e2bef54a90aa5cc07da6ce955accb83f21ab5de01a62c8478897b264fd", size = 20276440, upload-time = "2025-05-17T22:38:04.611Z" }
wheels = [
    { url = "https://files.pythonhosted.org/packages/82/5d/c00588b6cf18e1da539b45d3598d3557084990dcc4331960c15ee776ee41/numpy-2.2.6-cp312-cp312-macosx_10_13_x86_64.whl", hash = "sha256:41c5a21f4a04fa86436124d388f6ed60a9343a6f767fced1a8a71c3fbca038ff", size = 20875348, upload-time = "2025-05-17T21:34:39.648Z" },
    { url = "https://files.pythonhosted.org/packages/66/ee/560deadcdde6c2f90200450d5938f63a34b37e27ebff162810f716f6a230/numpy-2.2.6-cp312-cp312-macosx_11_0_arm64.whl", hash = "sha256:de749064336d37e340f640b05f24e9e3dd678c57318c7289d222a8a2f543e90c", size = 14119362, upload-time = "2025-05-17T21:35:01.241Z" },
    { url = "https://files.pythonhosted.org/packages/3c/65/4baa99f1c53b30adf0acd9a5519078871ddde8d2339dc5a7fde80d9d87da/numpy-2.2.6-cp312-cp312-macosx_14_0_arm64.whl", hash = "sha256:894b3a42502226a1cac872f840030665f33326fc3dac8e57c607905773cdcde3", size = 5084103, upload-time = "2025-05-17T21:35:10.622Z" },
    { url = "https://files.pythonhosted.org/packages/cc/89/e5a34c071a0570cc40c9a54eb472d113eea6d002e9ae12bb3a8407fb912e/numpy-2.2.6-cp312-cp312-macosx_14_0_x86_64.whl", hash = "sha256:71594f7c51a18e728451bb50cc60a3ce4e6538822731b2933209a1f3614e9282", size = 6625382, upload-time = "2025-05-17T21:35:21.414Z" },
    { url = "https://files.pythonhosted.org/packages/f8/35/8c80729f1ff76b3921d5c9487c7ac3de9b2a103b1cd05e905b3090513510/numpy-2.2.6-cp312-cp312-manylinux_2_17_aarch64.manylinux2014_aarch64.whl", hash = "sha256:f2618db89be1b4e05f7a1a847a9c1c0abd63e63a1607d892dd54668dd92faf87", size = 14018462, upload-time = "2025-05-17T21:35:42.174Z" },
    { url = "https://files.pythonhosted.org/packages/8c/3d/1e1db36cfd41f895d266b103df00ca5b3cbe965184df824dec5c08c6b803/numpy-2.2.6-cp312-cp312-manylinux_2_17_x86_64.manylinux2014_x86_64.whl", hash = "sha256:fd83c01228a688733f1ded5201c678f0c53ecc1006ffbc404db9f7a899ac6249", size = 16527618, upload-time = "2025-05-17T21:36:06.711Z" },
    { url = "https://files.pythonhosted.org/packages/61/c6/03ed30992602c85aa3cd95b9070a514f8b3c33e31124694438d88809ae36/numpy-2.2.6-cp312-cp312-musllinux_1_2_aarch64.whl", hash = "sha256:37c0ca431f82cd5fa716eca9506aefcabc247fb27ba69c5062a6d3ade8cf8f49", size = 15505511, upload-time = "2025-05-17T21:36:29.965Z" },
    { url = "https://files.pythonhosted.org/packages/b7/25/5761d832a81df431e260719ec45de696414266613c9ee268394dd5ad8236/numpy-2.2.6-cp312-cp312-musllinux_1_2_x86_64.whl", hash = "sha256:fe27749d33bb772c80dcd84ae7e8df2adc920ae8297400dabec45f0dedb3f6de", size = 18313783, upload-time = "2025-05-17T21:36:56.883Z" },
    { url = "https://files.pythonhosted.org/packages/57/0a/72d5a3527c5ebffcd47bde9162c39fae1f90138c961e5296491ce778e682/numpy-2.2.6-cp312-cp312-win32.whl", hash = "sha256:4eeaae00d789f66c7a25ac5f34b71a7035bb474e679f410e5e1a94deb24cf2d4", size = 6246506, upload-time = "2025-05-17T21:37:07.368Z" },
    { url = "https://files.pythonhosted.org/packages/36/fa/8c9210162ca1b88529ab76b41ba02d433fd54fecaf6feb70ef9f124683f1/numpy-2.2.6-cp312-cp312-win_amd64.whl", hash = "sha256:c1f9540be57940698ed329904db803cf7a402f3fc200bfe599334c9bd84a40b2", size = 12614190, upload-time = "2025-05-17T21:37:26.213Z" },
]

[[package]]
name = "pandas"
version = "2.2.3"
source = { registry = "https://pypi.org/simple" }
dependencies = [
    { name = "numpy" },
    { name = "python-dateutil" },
    { name = "pytz" },
    { name = "tzdata" },
]
sdist = { url = "https://files.pythonhosted.org/packages/9c/d6/9f8431bacc2e19dca897724cd097b1bb224a6ad5433784a44b587c7c13af/pandas-2.2.3.tar.gz", hash = "sha256:4f18ba62b61d7e192368b84517265a99b4d7ee8912f8708660fb4a366cc82667", size = 4399213, upload-time = "2024-09-20T13:10:04.827Z" }
wheels = [
    { url = "https://files.pythonhosted.org/packages/17/a3/fb2734118db0af37ea7433f57f722c0a56687e14b14690edff0cdb4b7e58/pandas-2.2.3-cp312-cp312-macosx_10_9_x86_64.whl", hash = "sha256:b1d432e8d08679a40e2a6d8b2f9770a5c21793a6f9f47fdd52c5ce1948a5a8a9", size = 12529893, upload-time = "2024-09-20T13:09:09.655Z" },
    { url = "https://files.pythonhosted.org/packages/e1/0c/ad295fd74bfac85358fd579e271cded3ac969de81f62dd0142c426b9da91/pandas-2.2.3-cp312-cp312-macosx_11_0_arm64.whl", hash = "sha256:a5a1595fe639f5988ba6a8e5bc9649af3baf26df3998a0abe56c02609392e0a4", size = 11363475, upload-time = "2024-09-20T13:09:14.718Z" },
    { url = "https://files.pythonhosted.org/packages/c6/2a/4bba3f03f7d07207481fed47f5b35f556c7441acddc368ec43d6643c5777/pandas-2.2.3-cp312-cp312-manylinux2014_aarch64.manylinux_2_17_aarch64.whl", hash = "sha256:5de54125a92bb4d1c051c0659e6fcb75256bf799a732a87184e5ea503965bce3", size = 15188645, upload-time = "2024-09-20T19:02:03.88Z" },
    { url = "https://files.pythonhosted.org/packages/38/f8/d8fddee9ed0d0c0f4a2132c1dfcf0e3e53265055da8df952a53e7eaf178c/pandas-2.2.3-cp312-cp312-manylinux_2_17_x86_64.manylinux2014_x86_64.whl", hash = "sha256:fffb8ae78d8af97f849404f21411c95062db1496aeb3e56f146f0355c9989319", size = 12739445, upload-time = "2024-09-20T13:09:17.621Z" },
    { url = "https://files.pythonhosted.org/packages/20/e8/45a05d9c39d2cea61ab175dbe6a2de1d05b679e8de2011da4ee190d7e748/pandas-2.2.3-cp312-cp312-musllinux_1_2_aarch64.whl", hash = "sha256:6dfcb5ee8d4d50c06a51c2fffa6cff6272098ad6540aed1a76d15fb9318194d8", size = 16359235, upload-time = "2024-09-20T19:02:07.094Z" },
    { url = "https://files.pythonhosted.org/packages/1d/99/617d07a6a5e429ff90c90da64d428516605a1ec7d7bea494235e1c3882de/pandas-2.2.3-cp312-cp312-musllinux_1_2_x86_64.whl", hash = "sha256:062309c1b9ea12a50e8ce661145c6aab431b1e99530d3cd60640e255778bd43a", size = 14056756, upload-time = "2024-09-20T13:09:20.474Z" },
    { url = "https://files.pythonhosted.org/packages/29/d4/1244ab8edf173a10fd601f7e13b9566c1b525c4f365d6bee918e68381889/pandas-2.2.3-cp312-cp312-win_amd64.whl", hash = "sha256:59ef3764d0fe818125a5097d2ae867ca3fa64df032331b7e0917cf5d7bf66b13", size = 11504248, upload-time = "2024-09-20T13:09:23.137Z" },
]

[[package]]
name = "python-dateutil"
version = "2.9.0.post0"
source = { registry = "https://pypi.org/simple" }
dependencies = [
    { name = "six" },
]
sdist = { url = "https://files.pythonhosted.org/packages/66/c0/0c8b6ad9f17a802ee498c46e004a0eb49bc148f2fd230864601a86dcf6db/python-dateutil-2.9.0.post0.tar.gz", hash = "sha256:37dd54208da7e1cd875388217d5e00ebd4179249f90fb72437e91a35459a0ad3", size = 342432, upload-time = "2024-03-01T18:36:20.211Z" }
wheels = [
    { url = "https://files.pythonhosted.org/packages/ec/57/56b9bcc3c9c6a792fcbaf139543cee77261f3651ca9da0c93f5c1221264b/python_dateutil-2.9.0.post0-py2.py3-none-any.whl", hash = "sha256:a8b2bc7bffae282281c8140a97d3aa9c14da0b136dfe83f850eea9a5f7470427", size = 229892, upload-time = "2024-03-01T18:36:18.57Z" },
]

[[package]]
name = "pytz"
version = "2025.2"
source = { registry = "https://pypi.org/simple" }
sdist = { url = "https://files.pythonhosted.org/packages/f8/bf/abbd3cdfb8fbc7fb3d4d38d320f2441b1e7cbe29be4f23797b4a2b5d8aac/pytz-2025.2.tar.gz", hash = "sha256:360b9e3dbb49a209c21ad61809c7fb453643e048b38924c765813546746e81c3", size = 320884, upload-time = "2025-03-25T02:25:00.538Z" }
wheels = [
    { url = "https://files.pythonhosted.org/packages/81/c4/34e93fe5f5429d7570ec1fa436f1986fb1f00c3e0f43a589fe2bbcd22c3f/pytz-2025.2-py2.py3-none-any.whl", hash = "sha256:5ddf76296dd8c44c26eb8f4b6f35488f3ccbf6fbbd7adee0b7262d43f0ec2f00", size = 509225, upload-time = "2025-03-25T02:24:58.468Z" },
]

[[package]]
name = "six"
version = "1.17.0"
source = { registry = "https://pypi.org/simple" }
sdist = { url = "https://files.pythonhosted.org/packages/94/e7/b2c673351809dca68a0e064b6af791aa332cf192da575fd474ed7d6f16a2/six-1.17.0.tar.gz", hash = "sha256:ff70335d468e7eb6ec65b95b99d3a2836546063f63acc5171de367e834932a81", size = 34031, upload-time = "2024-12-04T17:35:28.174Z" }
wheels = [
    { url = "https://files.pythonhosted.org/packages/b7/ce/149a00dd41f10bc29e5921b496af8b574d8413afcd5e30dfa0ed46c2cc5e/six-1.17.0-py2.py3-none-any.whl", hash = "sha256:4721f391ed90541fddacab5acf947aa0d3dc7d27b2e1e8eda2be8970586c3274", size = 11050, upload-time = "2024-12-04T17:35:26.475Z" },
]

[[package]]
name = "trec-product"
version = "0.1.0"
source = { virtual = "." }
dependencies = [
    { name = "docopt-ng" },
    { name = "duckdb" },
    { name = "humanize" },
    { name = "pandas" },
    { name = "xopen" },
]

[package.metadata]
requires-dist = [
    { name = "docopt-ng", specifier = "~=0.9" },
    { name = "duckdb", specifier = "~=1.3" },
    { name = "humanize", specifier = ">=4.12.3" },
    { name = "pandas", specifier = ">=2.2.3" },
    { name = "xopen", specifier = ">=2.0.2" },
]

[[package]]
name = "tzdata"
version = "2025.2"
source = { registry = "https://pypi.org/simple" }
sdist = { url = "https://files.pythonhosted.org/packages/95/32/1a225d6164441be760d75c2c42e2780dc0873fe382da3e98a2e1e48361e5/tzdata-2025.2.tar.gz", hash = "sha256:b60a638fcc0daffadf82fe0f57e53d06bdec2f36c4df66280ae79bce6bd6f2b9", size = 196380, upload-time = "2025-03-23T13:54:43.652Z" }
wheels = [
    { url = "https://files.pythonhosted.org/packages/5c/23/c7abc0ca0a1526a0774eca151daeb8de62ec457e77262b66b359c3c7679e/tzdata-2025.2-py2.py3-none-any.whl", hash = "sha256:1a403fada01ff9221ca8044d701868fa132215d84beb92242d9acd2147f667a8", size = 347839, upload-time = "2025-03-23T13:54:41.845Z" },
]

[[package]]
name = "xopen"
version = "2.0.2"
source = { registry = "https://pypi.org/simple" }
dependencies = [
    { name = "isal", marker = "platform_machine == 'AMD64' or platform_machine == 'aarch64' or platform_machine == 'x86_64'" },
    { name = "zlib-ng", marker = "platform_machine == 'AMD64' or platform_machine == 'aarch64' or platform_machine == 'x86_64'" },
]
sdist = { url = "https://files.pythonhosted.org/packages/47/01/0abf3e42bb1bf15ce24e4b235b1274e0c3c9ba8e3bbf2300b6323e6f50c1/xopen-2.0.2.tar.gz", hash = "sha256:f19d83de470f5a81725df0140180ec71d198311a1d7dad48f5467b4ad5df6154", size = 32224, upload-time = "2024-06-12T05:19:11.513Z" }
wheels = [
    { url = "https://files.pythonhosted.org/packages/f6/03/c9108ceffdb75f69e1c3bf5d2baadd124acc12ab0a61fb961c66f2b124fd/xopen-2.0.2-py3-none-any.whl", hash = "sha256:74e7f7fb7e7f42bd843c798595fa5a52086d7d1bf3de0e8513c6615516431313", size = 17060, upload-time = "2024-06-12T05:19:09.834Z" },
]

[[package]]
name = "zlib-ng"
version = "0.5.1"
source = { registry = "https://pypi.org/simple" }
sdist = { url = "https://files.pythonhosted.org/packages/c4/a7/0b7673be5945071e99364a3ac1987b02fc1d416617e97f3e8816d275174e/zlib_ng-0.5.1.tar.gz", hash = "sha256:32a46649e8efc21ddd74776a55366a8d8be4e3a95b93dc1f0ffe3880718990d9", size = 2436421, upload-time = "2024-09-25T10:27:03.358Z" }
wheels = [
    { url = "https://files.pythonhosted.org/packages/58/4a/2f2f1b4f5b607bdd09683f1c597de49daf696cbd4c0949fd886a7b35f275/zlib_ng-0.5.1-cp312-cp312-macosx_10_13_x86_64.whl", hash = "sha256:5c5d5cab84a51f6373a4be4b7d0c8e7b25242820e5a2857da338a84c6616e9b8", size = 99395, upload-time = "2024-09-25T10:28:02.926Z" },
    { url = "https://files.pythonhosted.org/packages/2b/8d/6eeab2683050d2e3c978a519ce318d5dd852b8e4a73f476182f8cd67e58d/zlib_ng-0.5.1-cp312-cp312-macosx_11_0_arm64.whl", hash = "sha256:c347663989f3d3d7bb3a635da893c8a90b20b1f3edaaedb037638de3a50c8ab3", size = 91406, upload-time = "2024-09-25T08:05:20.194Z" },
    { url = "https://files.pythonhosted.org/packages/d3/6c/e3bcb9a95a523af53a6678cb45592239d0c5c10849901b5df6efd5f795ee/zlib_ng-0.5.1-cp312-cp312-manylinux_2_17_aarch64.manylinux2014_aarch64.whl", hash = "sha256:9a951c202086a004bbc9bbfa000f19a8436a3b064257981b2140c7baa0d5a6c0", size = 98762, upload-time = "2024-09-25T14:30:09.35Z" },
    { url = "https://files.pythonhosted.org/packages/b2/21/d036c34cad733dde2b4906817c7a819ba4b519bae0494a5a5511a0f1a667/zlib_ng-0.5.1-cp312-cp312-manylinux_2_17_x86_64.manylinux2014_x86_64.whl", hash = "sha256:a10b2da0890afce007d71277fb5429f563b0e1bbbda7bd91d4e156658d79a0b7", size = 108315, upload-time = "2024-09-25T10:26:48.521Z" },
    { url = "https://files.pythonhosted.org/packages/22/bb/e3a39e1aed1cd9990cf808792db1109ca9b13d58a0fdcae91acda18dc16d/zlib_ng-0.5.1-cp312-cp312-musllinux_1_2_aarch64.whl", hash = "sha256:dccd1134ecffa7b7f33ba54432ea0ef431348fd1493387bb2d06f0fc0be686e4", size = 99959, upload-time = "2024-09-25T14:30:10.848Z" },
    { url = "https://files.pythonhosted.org/packages/cd/4a/bd73034f2a675ace3f5f449c2911a20e9eb71b373df8c58bf31fc03215c7/zlib_ng-0.5.1-cp312-cp312-musllinux_1_2_x86_64.whl", hash = "sha256:54e6797933adf61f59d77485c781c30ab16abc7a293642f8563086a9613ee8f1", size = 109816, upload-time = "2024-09-25T10:26:49.478Z" },
    { url = "https://files.pythonhosted.org/packages/df/c4/c0c8ef0d741e839bd5e4aa9f1b51dfa75e29ebec6c31b10d09c8401e64d4/zlib_ng-0.5.1-cp312-cp312-win_amd64.whl", hash = "sha256:51474eedebb9a3f173bcaf7c2c05284045be1cf7daf55d8506f2cfadb66366a9", size = 88708, upload-time = "2024-09-25T10:39:24.427Z" },
]
